
Microsoft Visual Studio Solution File, Format Version 12.00
# Visual Studio Version 16
VisualStudioVersion = 16.0.30320.27
MinimumVisualStudioVersion = 10.0.40219.1
Project("{FAE04EC0-301F-11D3-BF4B-00C04F79EFBC}") = "NyMathExam", "NyMathExam.csproj", "{50A714F1-1C6B-4BEE-B9A3-468805E5F72F}"
EndProject
Global
	GlobalSection(SolutionConfigurationPlatforms) = preSolution
		Debug|Any CPU = Debug|Any CPU
		Release|Any CPU = Release|Any CPU
	EndGlobalSection
	GlobalSection(ProjectConfigurationPlatforms) = postSolution
		{50A714F1-1C6B-4BEE-B9A3-468805E5F72F}.Debug|Any CPU.ActiveCfg = Debug|Any CPU
		{50A714F1-1C6B-4BEE-B9A3-468805E5F72F}.Debug|Any CPU.Build.0 = Debug|Any CPU
		{50A714F1-1C6B-4BEE-B9A3-468805E5F72F}.Release|Any CPU.ActiveCfg = Release|Any CPU
		{50A714F1-1C6B-4BEE-B9A3-468805E5F72F}.Release|Any CPU.Build.0 = Release|Any CPU
	EndGlobalSection
	GlobalSection(SolutionProperties) = preSolution
		HideSolutionNode = FALSE
	EndGlobalSection
	GlobalSection(ExtensibilityGlobals) = postSolution
		SolutionGuid = {A98BA0A7-7FF9-403F-9154-A02EEE6A4A45}
	EndGlobalSection
EndGlobal
